
Microsoft Visual Studio Solution File, Format Version 12.00
# Visual Studio 2012
Project("{FAE04EC0-301F-11D3-BF4B-00C04F79EFBC}") = "PaperlessBoard EventHandlers", "PaperlessBoard EventHandlers\PaperlessBoard EventHandlers.csproj", "{542AA691-EC6F-4E79-8A66-0E7EDCA12CA1}"
EndProject
Global
	GlobalSection(TeamFoundationVersionControl) = preSolution
		SccNumberOfProjects = 2
		SccEnterpriseProvider = {4CA58AB2-18FA-4F8D-95D4-32DDF27D184C}
		SccTeamFoundationServer = https://tfs2010.intellinet.com/tfs/defaultcollection
		SccLocalPath0 = .
		SccProjectUniqueName1 = PaperlessBoard\u0020EventHandlers\\PaperlessBoard\u0020EventHandlers.csproj
		SccProjectName1 = PaperlessBoard\u0020EventHandlers
		SccLocalPath1 = PaperlessBoard\u0020EventHandlers
	EndGlobalSection
	GlobalSection(SolutionConfigurationPlatforms) = preSolution
		Debug|Any CPU = Debug|Any CPU
		Release|Any CPU = Release|Any CPU
	EndGlobalSection
	GlobalSection(ProjectConfigurationPlatforms) = postSolution
		{542AA691-EC6F-4E79-8A66-0E7EDCA12CA1}.Debug|Any CPU.ActiveCfg = Debug|Any CPU
		{542AA691-EC6F-4E79-8A66-0E7EDCA12CA1}.Debug|Any CPU.Build.0 = Debug|Any CPU
		{542AA691-EC6F-4E79-8A66-0E7EDCA12CA1}.Debug|Any CPU.Deploy.0 = Debug|Any CPU
		{542AA691-EC6F-4E79-8A66-0E7EDCA12CA1}.Release|Any CPU.ActiveCfg = Release|Any CPU
		{542AA691-EC6F-4E79-8A66-0E7EDCA12CA1}.Release|Any CPU.Build.0 = Release|Any CPU
		{542AA691-EC6F-4E79-8A66-0E7EDCA12CA1}.Release|Any CPU.Deploy.0 = Release|Any CPU
	EndGlobalSection
	GlobalSection(SolutionProperties) = preSolution
		HideSolutionNode = FALSE
	EndGlobalSection
EndGlobal
