
Microsoft Visual Studio Solution File, Format Version 11.00
# Visual Studio 2010
Project("{FAE04EC0-301F-11D3-BF4B-00C04F79EFBC}") = "TCSU Fields and Content Types", "TCSU Fields and Content Types\TCSU Fields and Content Types.csproj", "{C129195F-5D0E-4847-B509-009D4A1EBFA5}"
EndProject
Global
	GlobalSection(SolutionConfigurationPlatforms) = preSolution
		Debug|Any CPU = Debug|Any CPU
		Release|Any CPU = Release|Any CPU
	EndGlobalSection
	GlobalSection(ProjectConfigurationPlatforms) = postSolution
		{C129195F-5D0E-4847-B509-009D4A1EBFA5}.Debug|Any CPU.ActiveCfg = Debug|Any CPU
		{C129195F-5D0E-4847-B509-009D4A1EBFA5}.Debug|Any CPU.Build.0 = Debug|Any CPU
		{C129195F-5D0E-4847-B509-009D4A1EBFA5}.Debug|Any CPU.Deploy.0 = Debug|Any CPU
		{C129195F-5D0E-4847-B509-009D4A1EBFA5}.Release|Any CPU.ActiveCfg = Release|Any CPU
		{C129195F-5D0E-4847-B509-009D4A1EBFA5}.Release|Any CPU.Build.0 = Release|Any CPU
		{C129195F-5D0E-4847-B509-009D4A1EBFA5}.Release|Any CPU.Deploy.0 = Release|Any CPU
	EndGlobalSection
	GlobalSection(SolutionProperties) = preSolution
		HideSolutionNode = FALSE
	EndGlobalSection
EndGlobal
