
Microsoft Visual Studio Solution File, Format Version 11.00
# Visual Studio 2010
Project("{FAE04EC0-301F-11D3-BF4B-00C04F79EFBC}") = "MARTARoles", "MARTARoles\MARTARoles.csproj", "{0718BA39-E427-4CD6-B610-3EA13D5BDC5D}"
EndProject
Global
	GlobalSection(TeamFoundationVersionControl) = preSolution
		SccNumberOfProjects = 2
		SccEnterpriseProvider = {4CA58AB2-18FA-4F8D-95D4-32DDF27D184C}
		SccTeamFoundationServer = https://tfs2010.intellinet.com/tfs/defaultcollection
		SccLocalPath0 = .
		SccProjectUniqueName1 = MARTARoles\\MARTARoles.csproj
		SccProjectName1 = MARTARoles
		SccLocalPath1 = MARTARoles
	EndGlobalSection
	GlobalSection(SolutionConfigurationPlatforms) = preSolution
		Debug|Any CPU = Debug|Any CPU
		Release|Any CPU = Release|Any CPU
	EndGlobalSection
	GlobalSection(ProjectConfigurationPlatforms) = postSolution
		{0718BA39-E427-4CD6-B610-3EA13D5BDC5D}.Debug|Any CPU.ActiveCfg = Debug|Any CPU
		{0718BA39-E427-4CD6-B610-3EA13D5BDC5D}.Debug|Any CPU.Build.0 = Debug|Any CPU
		{0718BA39-E427-4CD6-B610-3EA13D5BDC5D}.Debug|Any CPU.Deploy.0 = Debug|Any CPU
		{0718BA39-E427-4CD6-B610-3EA13D5BDC5D}.Release|Any CPU.ActiveCfg = Release|Any CPU
		{0718BA39-E427-4CD6-B610-3EA13D5BDC5D}.Release|Any CPU.Build.0 = Release|Any CPU
		{0718BA39-E427-4CD6-B610-3EA13D5BDC5D}.Release|Any CPU.Deploy.0 = Release|Any CPU
	EndGlobalSection
	GlobalSection(SolutionProperties) = preSolution
		HideSolutionNode = FALSE
	EndGlobalSection
EndGlobal
