
Microsoft Visual Studio Solution File, Format Version 12.00
# Visual Studio 2012
Project("{FAE04EC0-301F-11D3-BF4B-00C04F79EFBC}") = "MARTAWebParts", "MARTAWebParts\MARTAWebParts.csproj", "{221DB0FA-D088-4DAA-A8E2-3B84215C9D17}"
EndProject
Global
	GlobalSection(TeamFoundationVersionControl) = preSolution
		SccNumberOfProjects = 2
		SccEnterpriseProvider = {4CA58AB2-18FA-4F8D-95D4-32DDF27D184C}
		SccTeamFoundationServer = https://tfs2010.intellinet.com/tfs/defaultcollection
		SccLocalPath0 = .
		SccProjectUniqueName1 = MARTAWebParts\\MARTAWebParts.csproj
		SccProjectName1 = MARTAWebParts
		SccLocalPath1 = MARTAWebParts
	EndGlobalSection
	GlobalSection(SolutionConfigurationPlatforms) = preSolution
		Debug|Any CPU = Debug|Any CPU
		Release|Any CPU = Release|Any CPU
	EndGlobalSection
	GlobalSection(ProjectConfigurationPlatforms) = postSolution
		{221DB0FA-D088-4DAA-A8E2-3B84215C9D17}.Debug|Any CPU.ActiveCfg = Debug|Any CPU
		{221DB0FA-D088-4DAA-A8E2-3B84215C9D17}.Debug|Any CPU.Build.0 = Debug|Any CPU
		{221DB0FA-D088-4DAA-A8E2-3B84215C9D17}.Debug|Any CPU.Deploy.0 = Debug|Any CPU
		{221DB0FA-D088-4DAA-A8E2-3B84215C9D17}.Release|Any CPU.ActiveCfg = Release|Any CPU
		{221DB0FA-D088-4DAA-A8E2-3B84215C9D17}.Release|Any CPU.Build.0 = Release|Any CPU
		{221DB0FA-D088-4DAA-A8E2-3B84215C9D17}.Release|Any CPU.Deploy.0 = Release|Any CPU
	EndGlobalSection
	GlobalSection(SolutionProperties) = preSolution
		HideSolutionNode = FALSE
	EndGlobalSection
EndGlobal
