
Microsoft Visual Studio Solution File, Format Version 11.00
# Visual Studio 2010
Project("{FAE04EC0-301F-11D3-BF4B-00C04F79EFBC}") = "ExecutiveTaskTracking", "ManualDelegations\ExecutiveTaskTracking.csproj", "{F4FE6837-D9AC-4A57-B0EE-B88EFB4737C2}"
EndProject
Project("{FAE04EC0-301F-11D3-BF4B-00C04F79EFBC}") = "ManualDelegationCustomActivities", "ExecutiveDelegationCustomActivity\ManualDelegationCustomActivities.csproj", "{A0C010E7-F875-408E-A40C-CD613AD5D01B}"
EndProject
Global
	GlobalSection(SolutionConfigurationPlatforms) = preSolution
		Debug|Any CPU = Debug|Any CPU
		Release|Any CPU = Release|Any CPU
	EndGlobalSection
	GlobalSection(ProjectConfigurationPlatforms) = postSolution
		{F4FE6837-D9AC-4A57-B0EE-B88EFB4737C2}.Debug|Any CPU.ActiveCfg = Debug|Any CPU
		{F4FE6837-D9AC-4A57-B0EE-B88EFB4737C2}.Debug|Any CPU.Build.0 = Debug|Any CPU
		{F4FE6837-D9AC-4A57-B0EE-B88EFB4737C2}.Debug|Any CPU.Deploy.0 = Debug|Any CPU
		{F4FE6837-D9AC-4A57-B0EE-B88EFB4737C2}.Release|Any CPU.ActiveCfg = Release|Any CPU
		{F4FE6837-D9AC-4A57-B0EE-B88EFB4737C2}.Release|Any CPU.Build.0 = Release|Any CPU
		{F4FE6837-D9AC-4A57-B0EE-B88EFB4737C2}.Release|Any CPU.Deploy.0 = Release|Any CPU
		{A0C010E7-F875-408E-A40C-CD613AD5D01B}.Debug|Any CPU.ActiveCfg = Debug|Any CPU
		{A0C010E7-F875-408E-A40C-CD613AD5D01B}.Debug|Any CPU.Build.0 = Debug|Any CPU
		{A0C010E7-F875-408E-A40C-CD613AD5D01B}.Debug|Any CPU.Deploy.0 = Debug|Any CPU
		{A0C010E7-F875-408E-A40C-CD613AD5D01B}.Release|Any CPU.ActiveCfg = Release|Any CPU
		{A0C010E7-F875-408E-A40C-CD613AD5D01B}.Release|Any CPU.Build.0 = Release|Any CPU
		{A0C010E7-F875-408E-A40C-CD613AD5D01B}.Release|Any CPU.Deploy.0 = Release|Any CPU
	EndGlobalSection
	GlobalSection(SolutionProperties) = preSolution
		HideSolutionNode = FALSE
	EndGlobalSection
EndGlobal
