
Microsoft Visual Studio Solution File, Format Version 11.00
# Visual Studio 2010
Project("{FAE04EC0-301F-11D3-BF4B-00C04F79EFBC}") = "MARTASharedTypes", "MARTASharedTypes\MARTASharedTypes.csproj", "{97214A0D-85A3-43F6-B18C-98E525DC6837}"
EndProject
Global
	GlobalSection(TeamFoundationVersionControl) = preSolution
		SccNumberOfProjects = 2
		SccEnterpriseProvider = {4CA58AB2-18FA-4F8D-95D4-32DDF27D184C}
		SccTeamFoundationServer = https://tfs2010.intellinet.com/tfs/defaultcollection
		SccLocalPath0 = .
		SccProjectUniqueName1 = MARTASharedTypes\\MARTASharedTypes.csproj
		SccProjectName1 = MARTASharedTypes
		SccLocalPath1 = MARTASharedTypes
	EndGlobalSection
	GlobalSection(SolutionConfigurationPlatforms) = preSolution
		Debug|Any CPU = Debug|Any CPU
		Release|Any CPU = Release|Any CPU
	EndGlobalSection
	GlobalSection(ProjectConfigurationPlatforms) = postSolution
		{97214A0D-85A3-43F6-B18C-98E525DC6837}.Debug|Any CPU.ActiveCfg = Debug|Any CPU
		{97214A0D-85A3-43F6-B18C-98E525DC6837}.Debug|Any CPU.Build.0 = Debug|Any CPU
		{97214A0D-85A3-43F6-B18C-98E525DC6837}.Debug|Any CPU.Deploy.0 = Debug|Any CPU
		{97214A0D-85A3-43F6-B18C-98E525DC6837}.Release|Any CPU.ActiveCfg = Release|Any CPU
		{97214A0D-85A3-43F6-B18C-98E525DC6837}.Release|Any CPU.Build.0 = Release|Any CPU
		{97214A0D-85A3-43F6-B18C-98E525DC6837}.Release|Any CPU.Deploy.0 = Release|Any CPU
	EndGlobalSection
	GlobalSection(SolutionProperties) = preSolution
		HideSolutionNode = FALSE
	EndGlobalSection
EndGlobal
